// !$*UTF8*$!
{
	archiveVersion = 1;
	classes = {
	};
	objectVersion = 56;
	objects = {

/* Begin PBXBuildFile section */
		2C5A34822B1848A70065A843 /* TILApp.swift in Sources */ = {isa = PBXBuildFile; fileRef = 2C5A34812B1848A70065A843 /* TILApp.swift */; };
		2C5A34842B1848A70065A843 /* ContentView.swift in Sources */ = {isa = PBXBuildFile; fileRef = 2C5A34832B1848A70065A843 /* ContentView.swift */; };
		2C5A34862B1848A80065A843 /* Assets.xcassets in Resources */ = {isa = PBXBuildFile; fileRef = 2C5A34852B1848A80065A843 /* Assets.xcassets */; };
		2C5A34892B1848A80065A843 /* Preview Assets.xcassets in Resources */ = {isa = PBXBuildFile; fileRef = 2C5A34882B1848A80065A843 /* Preview Assets.xcassets */; };
		2C5A34932B1848A80065A843 /* TILTests.swift in Sources */ = {isa = PBXBuildFile; fileRef = 2C5A34922B1848A80065A843 /* TILTests.swift */; };
		2C5A349D2B1848A80065A843 /* TILUITests.swift in Sources */ = {isa = PBXBuildFile; fileRef = 2C5A349C2B1848A80065A843 /* TILUITests.swift */; };
		2C5A349F2B1848A80065A843 /* TILUITestsLaunchTests.swift in Sources */ = {isa = PBXBuildFile; fileRef = 2C5A349E2B1848A80065A843 /* TILUITestsLaunchTests.swift */; };
		2C5A34AC2B1849500065A843 /* Generic.swift in Sources */ = {isa = PBXBuildFile; fileRef = 2C5A34AB2B1849500065A843 /* Generic.swift */; };
/* End PBXBuildFile section */

/* Begin PBXContainerItemProxy section */
		2C5A348F2B1848A80065A843 /* PBXContainerItemProxy */ = {
			isa = PBXContainerItemProxy;
			containerPortal = 2C5A34762B1848A70065A843 /* Project object */;
			proxyType = 1;
			remoteGlobalIDString = 2C5A347D2B1848A70065A843;
			remoteInfo = TIL;
		};
		2C5A34992B1848A80065A843 /* PBXContainerItemProxy */ = {
			isa = PBXContainerItemProxy;
			containerPortal = 2C5A34762B1848A70065A843 /* Project object */;
			proxyType = 1;
			remoteGlobalIDString = 2C5A347D2B1848A70065A843;
			remoteInfo = TIL;
		};
/* End PBXContainerItemProxy section */

/* Begin PBXFileReference section */
		2C5A347E2B1848A70065A843 /* TIL.app */ = {isa = PBXFileReference; explicitFileType = wrapper.application; includeInIndex = 0; path = TIL.app; sourceTree = BUILT_PRODUCTS_DIR; };
		2C5A34812B1848A70065A843 /* TILApp.swift */ = {isa = PBXFileReference; lastKnownFileType = sourcecode.swift; path = TILApp.swift; sourceTree = "<group>"; };
		2C5A34832B1848A70065A843 /* ContentView.swift */ = {isa = PBXFileReference; lastKnownFileType = sourcecode.swift; path = ContentView.swift; sourceTree = "<group>"; };
		2C5A34852B1848A80065A843 /* Assets.xcassets */ = {isa = PBXFileReference; lastKnownFileType = folder.assetcatalog; path = Assets.xcassets; sourceTree = "<group>"; };
		2C5A34882B1848A80065A843 /* Preview Assets.xcassets */ = {isa = PBXFileReference; lastKnownFileType = folder.assetcatalog; path = "Preview Assets.xcassets"; sourceTree = "<group>"; };
		2C5A348E2B1848A80065A843 /* TILTests.xctest */ = {isa = PBXFileReference; explicitFileType = wrapper.cfbundle; includeInIndex = 0; path = TILTests.xctest; sourceTree = BUILT_PRODUCTS_DIR; };
		2C5A34922B1848A80065A843 /* TILTests.swift */ = {isa = PBXFileReference; lastKnownFileType = sourcecode.swift; path = TILTests.swift; sourceTree = "<group>"; };
		2C5A34982B1848A80065A843 /* TILUITests.xctest */ = {isa = PBXFileReference; explicitFileType = wrapper.cfbundle; includeInIndex = 0; path = TILUITests.xctest; sourceTree = BUILT_PRODUCTS_DIR; };
		2C5A349C2B1848A80065A843 /* TILUITests.swift */ = {isa = PBXFileReference; lastKnownFileType = sourcecode.swift; path = TILUITests.swift; sourceTree = "<group>"; };
		2C5A349E2B1848A80065A843 /* TILUITestsLaunchTests.swift */ = {isa = PBXFileReference; lastKnownFileType = sourcecode.swift; path = TILUITestsLaunchTests.swift; sourceTree = "<group>"; };
		2C5A34AB2B1849500065A843 /* Generic.swift */ = {isa = PBXFileReference; lastKnownFileType = sourcecode.swift; path = Generic.swift; sourceTree = "<group>"; };
		2C5A34AD2B1850450065A843 /* README.md */ = {isa = PBXFileReference; lastKnownFileType = net.daringfireball.markdown; path = README.md; sourceTree = "<group>"; };
/* End PBXFileReference section */

/* Begin PBXFrameworksBuildPhase section */
		2C5A347B2B1848A70065A843 /* Frameworks */ = {
			isa = PBXFrameworksBuildPhase;
			buildActionMask = 2147483647;
			files = (
			);
			runOnlyForDeploymentPostprocessing = 0;
		};
		2C5A348B2B1848A80065A843 /* Frameworks */ = {
			isa = PBXFrameworksBuildPhase;
			buildActionMask = 2147483647;
			files = (
			);
			runOnlyForDeploymentPostprocessing = 0;
		};
		2C5A34952B1848A80065A843 /* Frameworks */ = {
			isa = PBXFrameworksBuildPhase;
			buildActionMask = 2147483647;
			files = (
			);
			runOnlyForDeploymentPostprocessing = 0;
		};
/* End PBXFrameworksBuildPhase section */

/* Begin PBXGroup section */
		2C5A34752B1848A70065A843 = {
			isa = PBXGroup;
			children = (
				2C5A34802B1848A70065A843 /* TIL */,
				2C5A34912B1848A80065A843 /* TILTests */,
				2C5A349B2B1848A80065A843 /* TILUITests */,
				2C5A347F2B1848A70065A843 /* Products */,
			);
			sourceTree = "<group>";
		};
		2C5A347F2B1848A70065A843 /* Products */ = {
			isa = PBXGroup;
			children = (
				2C5A347E2B1848A70065A843 /* TIL.app */,
				2C5A348E2B1848A80065A843 /* TILTests.xctest */,
				2C5A34982B1848A80065A843 /* TILUITests.xctest */,
			);
			name = Products;
			sourceTree = "<group>";
		};
		2C5A34802B1848A70065A843 /* TIL */ = {
			isa = PBXGroup;
			children = (
				2C5A34812B1848A70065A843 /* TILApp.swift */,
				2C5A34832B1848A70065A843 /* ContentView.swift */,
				2C5A34AB2B1849500065A843 /* Generic.swift */,
				2C5A34AD2B1850450065A843 /* README.md */,
				2C5A34852B1848A80065A843 /* Assets.xcassets */,
				2C5A34872B1848A80065A843 /* Preview Content */,
			);
			path = TIL;
			sourceTree = "<group>";
		};
		2C5A34872B1848A80065A843 /* Preview Content */ = {
			isa = PBXGroup;
			children = (
				2C5A34882B1848A80065A843 /* Preview Assets.xcassets */,
			);
			path = "Preview Content";
			sourceTree = "<group>";
		};
		2C5A34912B1848A80065A843 /* TILTests */ = {
			isa = PBXGroup;
			children = (
				2C5A34922B1848A80065A843 /* TILTests.swift */,
			);
			path = TILTests;
			sourceTree = "<group>";
		};
		2C5A349B2B1848A80065A843 /* TILUITests */ = {
			isa = PBXGroup;
			children = (
				2C5A349C2B1848A80065A843 /* TILUITests.swift */,
				2C5A349E2B1848A80065A843 /* TILUITestsLaunchTests.swift */,
			);
			path = TILUITests;
			sourceTree = "<group>";
		};
/* End PBXGroup section */

/* Begin PBXNativeTarget section */
		2C5A347D2B1848A70065A843 /* TIL */ = {
			isa = PBXNativeTarget;
			buildConfigurationList = 2C5A34A22B1848A80065A843 /* Build configuration list for PBXNativeTarget "TIL" */;
			buildPhases = (
				2C5A347A2B1848A70065A843 /* Sources */,
				2C5A347B2B1848A70065A843 /* Frameworks */,
				2C5A347C2B1848A70065A843 /* Resources */,
			);
			buildRules = (
			);
			dependencies = (
			);
			name = TIL;
			productName = TIL;
			productReference = 2C5A347E2B1848A70065A843 /* TIL.app */;
			productType = "com.apple.product-type.application";
		};
		2C5A348D2B1848A80065A843 /* TILTests */ = {
			isa = PBXNativeTarget;
			buildConfigurationList = 2C5A34A52B1848A80065A843 /* Build configuration list for PBXNativeTarget "TILTests" */;
			buildPhases = (
				2C5A348A2B1848A80065A843 /* Sources */,
				2C5A348B2B1848A80065A843 /* Frameworks */,
				2C5A348C2B1848A80065A843 /* Resources */,
			);
			buildRules = (
			);
			dependencies = (
				2C5A34902B1848A80065A843 /* PBXTargetDependency */,
			);
			name = TILTests;
			productName = TILTests;
			productReference = 2C5A348E2B1848A80065A843 /* TILTests.xctest */;
			productType = "com.apple.product-type.bundle.unit-test";
		};
		2C5A34972B1848A80065A843 /* TILUITests */ = {
			isa = PBXNativeTarget;
			buildConfigurationList = 2C5A34A82B1848A80065A843 /* Build configuration list for PBXNativeTarget "TILUITests" */;
			buildPhases = (
				2C5A34942B1848A80065A843 /* Sources */,
				2C5A34952B1848A80065A843 /* Frameworks */,
				2C5A34962B1848A80065A843 /* Resources */,
			);
			buildRules = (
			);
			dependencies = (
				2C5A349A2B1848A80065A843 /* PBXTargetDependency */,
			);
			name = TILUITests;
			productName = TILUITests;
			productReference = 2C5A34982B1848A80065A843 /* TILUITests.xctest */;
			productType = "com.apple.product-type.bundle.ui-testing";
		};
/* End PBXNativeTarget section */

/* Begin PBXProject section */
		2C5A34762B1848A70065A843 /* Project object */ = {
			isa = PBXProject;
			attributes = {
				BuildIndependentTargetsInParallel = 1;
				LastSwiftUpdateCheck = 1500;
				LastUpgradeCheck = 1500;
				TargetAttributes = {
					2C5A347D2B1848A70065A843 = {
						CreatedOnToolsVersion = 15.0.1;
					};
					2C5A348D2B1848A80065A843 = {
						CreatedOnToolsVersion = 15.0.1;
						TestTargetID = 2C5A347D2B1848A70065A843;
					};
					2C5A34972B1848A80065A843 = {
						CreatedOnToolsVersion = 15.0.1;
						TestTargetID = 2C5A347D2B1848A70065A843;
					};
				};
			};
			buildConfigurationList = 2C5A34792B1848A70065A843 /* Build configuration list for PBXProject "TIL" */;
			compatibilityVersion = "Xcode 14.0";
			developmentRegion = en;
			hasScannedForEncodings = 0;
			knownRegions = (
				en,
				Base,
			);
			mainGroup = 2C5A34752B1848A70065A843;
			productRefGroup = 2C5A347F2B1848A70065A843 /* Products */;
			projectDirPath = "";
			projectRoot = "";
			targets = (
				2C5A347D2B1848A70065A843 /* TIL */,
				2C5A348D2B1848A80065A843 /* TILTests */,
				2C5A34972B1848A80065A843 /* TILUITests */,
			);
		};
/* End PBXProject section */

/* Begin PBXResourcesBuildPhase section */
		2C5A347C2B1848A70065A843 /* Resources */ = {
			isa = PBXResourcesBuildPhase;
			buildActionMask = 2147483647;
			files = (
				2C5A34892B1848A80065A843 /* Preview Assets.xcassets in Resources */,
				2C5A34862B1848A80065A843 /* Assets.xcassets in Resources */,
			);
			runOnlyForDeploymentPostprocessing = 0;
		};
		2C5A348C2B1848A80065A843 /* Resources */ = {
			isa = PBXResourcesBuildPhase;
			buildActionMask = 2147483647;
			files = (
			);
			runOnlyForDeploymentPostprocessing = 0;
		};
		2C5A34962B1848A80065A843 /* Resources */ = {
			isa = PBXResourcesBuildPhase;
			buildActionMask = 2147483647;
			files = (
			);
			runOnlyForDeploymentPostprocessing = 0;
		};
/* End PBXResourcesBuildPhase section */

/* Begin PBXSourcesBuildPhase section */
		2C5A347A2B1848A70065A843 /* Sources */ = {
			isa = PBXSourcesBuildPhase;
			buildActionMask = 2147483647;
			files = (
				2C5A34842B1848A70065A843 /* ContentView.swift in Sources */,
				2C5A34822B1848A70065A843 /* TILApp.swift in Sources */,
				2C5A34AC2B1849500065A843 /* Generic.swift in Sources */,
			);
			runOnlyForDeploymentPostprocessing = 0;
		};
		2C5A348A2B1848A80065A843 /* Sources */ = {
			isa = PBXSourcesBuildPhase;
			buildActionMask = 2147483647;
			files = (
				2C5A34932B1848A80065A843 /* TILTests.swift in Sources */,
			);
			runOnlyForDeploymentPostprocessing = 0;
		};
		2C5A34942B1848A80065A843 /* Sources */ = {
			isa = PBXSourcesBuildPhase;
			buildActionMask = 2147483647;
			files = (
				2C5A349F2B1848A80065A843 /* TILUITestsLaunchTests.swift in Sources */,
				2C5A349D2B1848A80065A843 /* TILUITests.swift in Sources */,
			);
			runOnlyForDeploymentPostprocessing = 0;
		};
/* End PBXSourcesBuildPhase section */

/* Begin PBXTargetDependency section */
		2C5A34902B1848A80065A843 /* PBXTargetDependency */ = {
			isa = PBXTargetDependency;
			target = 2C5A347D2B1848A70065A843 /* TIL */;
			targetProxy = 2C5A348F2B1848A80065A843 /* PBXContainerItemProxy */;
		};
		2C5A349A2B1848A80065A843 /* PBXTargetDependency */ = {
			isa = PBXTargetDependency;
			target = 2C5A347D2B1848A70065A843 /* TIL */;
			targetProxy = 2C5A34992B1848A80065A843 /* PBXContainerItemProxy */;
		};
/* End PBXTargetDependency section */

/* Begin XCBuildConfiguration section */
		2C5A34A02B1848A80065A843 /* Debug */ = {
			isa = XCBuildConfiguration;
			buildSettings = {
				ALWAYS_SEARCH_USER_PATHS = NO;
				ASSETCATALOG_COMPILER_GENERATE_SWIFT_ASSET_SYMBOL_EXTENSIONS = YES;
				CLANG_ANALYZER_NONNULL = YES;
				CLANG_ANALYZER_NUMBER_OBJECT_CONVERSION = YES_AGGRESSIVE;
				CLANG_CXX_LANGUAGE_STANDARD = "gnu++20";
				CLANG_ENABLE_MODULES = YES;
				CLANG_ENABLE_OBJC_ARC = YES;
				CLANG_ENABLE_OBJC_WEAK = YES;
				CLANG_WARN_BLOCK_CAPTURE_AUTORELEASING = YES;
				CLANG_WARN_BOOL_CONVERSION = YES;
				CLANG_WARN_COMMA = YES;
				CLANG_WARN_CONSTANT_CONVERSION = YES;
				CLANG_WARN_DEPRECATED_OBJC_IMPLEMENTATIONS = YES;
				CLANG_WARN_DIRECT_OBJC_ISA_USAGE = YES_ERROR;
				CLANG_WARN_DOCUMENTATION_COMMENTS = YES;
				CLANG_WARN_EMPTY_BODY = YES;
				CLANG_WARN_ENUM_CONVERSION = YES;
				CLANG_WARN_INFINITE_RECURSION = YES;
				CLANG_WARN_INT_CONVERSION = YES;
				CLANG_WARN_NON_LITERAL_NULL_CONVERSION = YES;
				CLANG_WARN_OBJC_IMPLICIT_RETAIN_SELF = YES;
				CLANG_WARN_OBJC_LITERAL_CONVERSION = YES;
				CLANG_WARN_OBJC_ROOT_CLASS = YES_ERROR;
				CLANG_WARN_QUOTED_INCLUDE_IN_FRAMEWORK_HEADER = YES;
				CLANG_WARN_RANGE_LOOP_ANALYSIS = YES;
				CLANG_WARN_STRICT_PROTOTYPES = YES;
				CLANG_WARN_SUSPICIOUS_MOVE = YES;
				CLANG_WARN_UNGUARDED_AVAILABILITY = YES_AGGRESSIVE;
				CLANG_WARN_UNREACHABLE_CODE = YES;
				CLANG_WARN__DUPLICATE_METHOD_MATCH = YES;
				COPY_PHASE_STRIP = NO;
				DEBUG_INFORMATION_FORMAT = dwarf;
				ENABLE_STRICT_OBJC_MSGSEND = YES;
				ENABLE_TESTABILITY = YES;
				ENABLE_USER_SCRIPT_SANDBOXING = YES;
				GCC_C_LANGUAGE_STANDARD = gnu17;
				GCC_DYNAMIC_NO_PIC = NO;
				GCC_NO_COMMON_BLOCKS = YES;
				GCC_OPTIMIZATION_LEVEL = 0;
				GCC_PREPROCESSOR_DEFINITIONS = (
					"DEBUG=1",
					"$(inherited)",
				);
				GCC_WARN_64_TO_32_BIT_CONVERSION = YES;
				GCC_WARN_ABOUT_RETURN_TYPE = YES_ERROR;
				GCC_WARN_UNDECLARED_SELECTOR = YES;
				GCC_WARN_UNINITIALIZED_AUTOS = YES_AGGRESSIVE;
				GCC_WARN_UNUSED_FUNCTION = YES;
				GCC_WARN_UNUSED_VARIABLE = YES;
				IPHONEOS_DEPLOYMENT_TARGET = 17.0;
				LOCALIZATION_PREFERS_STRING_CATALOGS = YES;
				MTL_ENABLE_DEBUG_INFO = INCLUDE_SOURCE;
				MTL_FAST_MATH = YES;
				ONLY_ACTIVE_ARCH = YES;
				SDKROOT = iphoneos;
				SWIFT_ACTIVE_COMPILATION_CONDITIONS = "DEBUG $(inherited)";
				SWIFT_OPTIMIZATION_LEVEL = "-Onone";
			};
			name = Debug;
		};
		2C5A34A12B1848A80065A843 /* Release */ = {
			isa = XCBuildConfiguration;
			buildSettings = {
				ALWAYS_SEARCH_USER_PATHS = NO;
				ASSETCATALOG_COMPILER_GENERATE_SWIFT_ASSET_SYMBOL_EXTENSIONS = YES;
				CLANG_ANALYZER_NONNULL = YES;
				CLANG_ANALYZER_NUMBER_OBJECT_CONVERSION = YES_AGGRESSIVE;
				CLANG_CXX_LANGUAGE_STANDARD = "gnu++20";
				CLANG_ENABLE_MODULES = YES;
				CLANG_ENABLE_OBJC_ARC = YES;
				CLANG_ENABLE_OBJC_WEAK = YES;
				CLANG_WARN_BLOCK_CAPTURE_AUTORELEASING = YES;
				CLANG_WARN_BOOL_CONVERSION = YES;
				CLANG_WARN_COMMA = YES;
				CLANG_WARN_CONSTANT_CONVERSION = YES;
				CLANG_WARN_DEPRECATED_OBJC_IMPLEMENTATIONS = YES;
				CLANG_WARN_DIRECT_OBJC_ISA_USAGE = YES_ERROR;
				CLANG_WARN_DOCUMENTATION_COMMENTS = YES;
				CLANG_WARN_EMPTY_BODY = YES;
				CLANG_WARN_ENUM_CONVERSION = YES;
				CLANG_WARN_INFINITE_RECURSION = YES;
				CLANG_WARN_INT_CONVERSION = YES;
				CLANG_WARN_NON_LITERAL_NULL_CONVERSION = YES;
				CLANG_WARN_OBJC_IMPLICIT_RETAIN_SELF = YES;
				CLANG_WARN_OBJC_LITERAL_CONVERSION = YES;
				CLANG_WARN_OBJC_ROOT_CLASS = YES_ERROR;
				CLANG_WARN_QUOTED_INCLUDE_IN_FRAMEWORK_HEADER = YES;
				CLANG_WARN_RANGE_LOOP_ANALYSIS = YES;
				CLANG_WARN_STRICT_PROTOTYPES = YES;
				CLANG_WARN_SUSPICIOUS_MOVE = YES;
				CLANG_WARN_UNGUARDED_AVAILABILITY = YES_AGGRESSIVE;
				CLANG_WARN_UNREACHABLE_CODE = YES;
				CLANG_WARN__DUPLICATE_METHOD_MATCH = YES;
				COPY_PHASE_STRIP = NO;
				DEBUG_INFORMATION_FORMAT = "dwarf-with-dsym";
				ENABLE_NS_ASSERTIONS = NO;
				ENABLE_STRICT_OBJC_MSGSEND = YES;
				ENABLE_USER_SCRIPT_SANDBOXING = YES;
				GCC_C_LANGUAGE_STANDARD = gnu17;
				GCC_NO_COMMON_BLOCKS = YES;
				GCC_WARN_64_TO_32_BIT_CONVERSION = YES;
				GCC_WARN_ABOUT_RETURN_TYPE = YES_ERROR;
				GCC_WARN_UNDECLARED_SELECTOR = YES;
				GCC_WARN_UNINITIALIZED_AUTOS = YES_AGGRESSIVE;
				GCC_WARN_UNUSED_FUNCTION = YES;
				GCC_WARN_UNUSED_VARIABLE = YES;
				IPHONEOS_DEPLOYMENT_TARGET = 17.0;
				LOCALIZATION_PREFERS_STRING_CATALOGS = YES;
				MTL_ENABLE_DEBUG_INFO = NO;
				MTL_FAST_MATH = YES;
				SDKROOT = iphoneos;
				SWIFT_COMPILATION_MODE = wholemodule;
				VALIDATE_PRODUCT = YES;
			};
			name = Release;
		};
		2C5A34A32B1848A80065A843 /* Debug */ = {
			isa = XCBuildConfiguration;
			buildSettings = {
				ASSETCATALOG_COMPILER_APPICON_NAME = AppIcon;
				ASSETCATALOG_COMPILER_GLOBAL_ACCENT_COLOR_NAME = AccentColor;
				CODE_SIGN_STYLE = Automatic;
				CURRENT_PROJECT_VERSION = 1;
				DEVELOPMENT_ASSET_PATHS = "\"TIL/Preview Content\"";
				DEVELOPMENT_TEAM = U4BQZ3AXAA;
				ENABLE_PREVIEWS = YES;
				GENERATE_INFOPLIST_FILE = YES;
				INFOPLIST_KEY_UIApplicationSceneManifest_Generation = YES;
				INFOPLIST_KEY_UIApplicationSupportsIndirectInputEvents = YES;
				INFOPLIST_KEY_UILaunchScreen_Generation = YES;
				INFOPLIST_KEY_UISupportedInterfaceOrientations_iPad = "UIInterfaceOrientationPortrait UIInterfaceOrientationPortraitUpsideDown UIInterfaceOrientationLandscapeLeft UIInterfaceOrientationLandscapeRight";
				INFOPLIST_KEY_UISupportedInterfaceOrientations_iPhone = "UIInterfaceOrientationPortrait UIInterfaceOrientationLandscapeLeft UIInterfaceOrientationLandscapeRight";
				LD_RUNPATH_SEARCH_PATHS = (
					"$(inherited)",
					"@executable_path/Frameworks",
				);
				MARKETING_VERSION = 1.0;
				PRODUCT_BUNDLE_IDENTIFIER = com.sueunkim.TIL;
				PRODUCT_NAME = "$(TARGET_NAME)";
				SWIFT_EMIT_LOC_STRINGS = YES;
				SWIFT_VERSION = 5.0;
				TARGETED_DEVICE_FAMILY = "1,2";
			};
			name = Debug;
		};
		2C5A34A42B1848A80065A843 /* Release */ = {
			isa = XCBuildConfiguration;
			buildSettings = {
				ASSETCATALOG_COMPILER_APPICON_NAME = AppIcon;
				ASSETCATALOG_COMPILER_GLOBAL_ACCENT_COLOR_NAME = AccentColor;
				CODE_SIGN_STYLE = Automatic;
				CURRENT_PROJECT_VERSION = 1;
				DEVELOPMENT_ASSET_PATHS = "\"TIL/Preview Content\"";
				DEVELOPMENT_TEAM = U4BQZ3AXAA;
				ENABLE_PREVIEWS = YES;
				GENERATE_INFOPLIST_FILE = YES;
				INFOPLIST_KEY_UIApplicationSceneManifest_Generation = YES;
				INFOPLIST_KEY_UIApplicationSupportsIndirectInputEvents = YES;
				INFOPLIST_KEY_UILaunchScreen_Generation = YES;
				INFOPLIST_KEY_UISupportedInterfaceOrientations_iPad = "UIInterfaceOrientationPortrait UIInterfaceOrientationPortraitUpsideDown UIInterfaceOrientationLandscapeLeft UIInterfaceOrientationLandscapeRight";
				INFOPLIST_KEY_UISupportedInterfaceOrientations_iPhone = "UIInterfaceOrientationPortrait UIInterfaceOrientationLandscapeLeft UIInterfaceOrientationLandscapeRight";
				LD_RUNPATH_SEARCH_PATHS = (
					"$(inherited)",
					"@executable_path/Frameworks",
				);
				MARKETING_VERSION = 1.0;
				PRODUCT_BUNDLE_IDENTIFIER = com.sueunkim.TIL;
				PRODUCT_NAME = "$(TARGET_NAME)";
				SWIFT_EMIT_LOC_STRINGS = YES;
				SWIFT_VERSION = 5.0;
				TARGETED_DEVICE_FAMILY = "1,2";
			};
			name = Release;
		};
		2C5A34A62B1848A80065A843 /* Debug */ = {
			isa = XCBuildConfiguration;
			buildSettings = {
				ALWAYS_EMBED_SWIFT_STANDARD_LIBRARIES = YES;
				BUNDLE_LOADER = "$(TEST_HOST)";
				CODE_SIGN_STYLE = Automatic;
				CURRENT_PROJECT_VERSION = 1;
				DEVELOPMENT_TEAM = U4BQZ3AXAA;
				GENERATE_INFOPLIST_FILE = YES;
				IPHONEOS_DEPLOYMENT_TARGET = 17.0;
				MARKETING_VERSION = 1.0;
				PRODUCT_BUNDLE_IDENTIFIER = com.sueunkim.TILTests;
				PRODUCT_NAME = "$(TARGET_NAME)";
				SWIFT_EMIT_LOC_STRINGS = NO;
				SWIFT_VERSION = 5.0;
				TARGETED_DEVICE_FAMILY = "1,2";
				TEST_HOST = "$(BUILT_PRODUCTS_DIR)/TIL.app/$(BUNDLE_EXECUTABLE_FOLDER_PATH)/TIL";
			};
			name = Debug;
		};
		2C5A34A72B1848A80065A843 /* Release */ = {
			isa = XCBuildConfiguration;
			buildSettings = {
				ALWAYS_EMBED_SWIFT_STANDARD_LIBRARIES = YES;
				BUNDLE_LOADER = "$(TEST_HOST)";
				CODE_SIGN_STYLE = Automatic;
				CURRENT_PROJECT_VERSION = 1;
				DEVELOPMENT_TEAM = U4BQZ3AXAA;
				GENERATE_INFOPLIST_FILE = YES;
				IPHONEOS_DEPLOYMENT_TARGET = 17.0;
				MARKETING_VERSION = 1.0;
				PRODUCT_BUNDLE_IDENTIFIER = com.sueunkim.TILTests;
				PRODUCT_NAME = "$(TARGET_NAME)";
				SWIFT_EMIT_LOC_STRINGS = NO;
				SWIFT_VERSION = 5.0;
				TARGETED_DEVICE_FAMILY = "1,2";
				TEST_HOST = "$(BUILT_PRODUCTS_DIR)/TIL.app/$(BUNDLE_EXECUTABLE_FOLDER_PATH)/TIL";
			};
			name = Release;
		};
		2C5A34A92B1848A80065A843 /* Debug */ = {
			isa = XCBuildConfiguration;
			buildSettings = {
				ALWAYS_EMBED_SWIFT_STANDARD_LIBRARIES = YES;
				CODE_SIGN_STYLE = Automatic;
				CURRENT_PROJECT_VERSION = 1;
				DEVELOPMENT_TEAM = U4BQZ3AXAA;
				GENERATE_INFOPLIST_FILE = YES;
				MARKETING_VERSION = 1.0;
				PRODUCT_BUNDLE_IDENTIFIER = com.sueunkim.TILUITests;
				PRODUCT_NAME = "$(TARGET_NAME)";
				SWIFT_EMIT_LOC_STRINGS = NO;
				SWIFT_VERSION = 5.0;
				TARGETED_DEVICE_FAMILY = "1,2";
				TEST_TARGET_NAME = TIL;
			};
			name = Debug;
		};
		2C5A34AA2B1848A80065A843 /* Release */ = {
			isa = XCBuildConfiguration;
			buildSettings = {
				ALWAYS_EMBED_SWIFT_STANDARD_LIBRARIES = YES;
				CODE_SIGN_STYLE = Automatic;
				CURRENT_PROJECT_VERSION = 1;
				DEVELOPMENT_TEAM = U4BQZ3AXAA;
				GENERATE_INFOPLIST_FILE = YES;
				MARKETING_VERSION = 1.0;
				PRODUCT_BUNDLE_IDENTIFIER = com.sueunkim.TILUITests;
				PRODUCT_NAME = "$(TARGET_NAME)";
				SWIFT_EMIT_LOC_STRINGS = NO;
				SWIFT_VERSION = 5.0;
				TARGETED_DEVICE_FAMILY = "1,2";
				TEST_TARGET_NAME = TIL;
			};
			name = Release;
		};
/* End XCBuildConfiguration section */

/* Begin XCConfigurationList section */
		2C5A34792B1848A70065A843 /* Build configuration list for PBXProject "TIL" */ = {
			isa = XCConfigurationList;
			buildConfigurations = (
				2C5A34A02B1848A80065A843 /* Debug */,
				2C5A34A12B1848A80065A843 /* Release */,
			);
			defaultConfigurationIsVisible = 0;
			defaultConfigurationName = Release;
		};
		2C5A34A22B1848A80065A843 /* Build configuration list for PBXNativeTarget "TIL" */ = {
			isa = XCConfigurationList;
			buildConfigurations = (
				2C5A34A32B1848A80065A843 /* Debug */,
				2C5A34A42B1848A80065A843 /* Release */,
			);
			defaultConfigurationIsVisible = 0;
			defaultConfigurationName = Release;
		};
		2C5A34A52B1848A80065A843 /* Build configuration list for PBXNativeTarget "TILTests" */ = {
			isa = XCConfigurationList;
			buildConfigurations = (
				2C5A34A62B1848A80065A843 /* Debug */,
				2C5A34A72B1848A80065A843 /* Release */,
			);
			defaultConfigurationIsVisible = 0;
			defaultConfigurationName = Release;
		};
		2C5A34A82B1848A80065A843 /* Build configuration list for PBXNativeTarget "TILUITests" */ = {
			isa = XCConfigurationList;
			buildConfigurations = (
				2C5A34A92B1848A80065A843 /* Debug */,
				2C5A34AA2B1848A80065A843 /* Release */,
			);
			defaultConfigurationIsVisible = 0;
			defaultConfigurationName = Release;
		};
/* End XCConfigurationList section */
	};
	rootObject = 2C5A34762B1848A70065A843 /* Project object */;
}
